// !$*UTF8*$!
{
	archiveVersion = 1;
	classes = {
	};
	objectVersion = 50;
	objects = {

/* Begin PBXBuildFile section */
		17776BC7266A35E60016708D /* SquatCounterApp.swift in Sources */ = {isa = PBXBuildFile; fileRef = 17776BC6266A35E60016708D /* SquatCounterApp.swift */; };
		17776BC9266A35E60016708D /* ContentView.swift in Sources */ = {isa = PBXBuildFile; fileRef = 17776BC8266A35E60016708D /* ContentView.swift */; };
		17776BCB266A35E80016708D /* Assets.xcassets in Resources */ = {isa = PBXBuildFile; fileRef = 17776BCA266A35E80016708D /* Assets.xcassets */; };
		17776BCE266A35E80016708D /* Preview Assets.xcassets in Resources */ = {isa = PBXBuildFile; fileRef = 17776BCD266A35E80016708D /* Preview Assets.xcassets */; };
		17776BD6266A360E0016708D /* CameraViewController.swift in Sources */ = {isa = PBXBuildFile; fileRef = 17776BD5266A360E0016708D /* CameraViewController.swift */; };
		17776BD8266A361E0016708D /* CameraView.swift in Sources */ = {isa = PBXBuildFile; fileRef = 17776BD7266A361E0016708D /* CameraView.swift */; };
		17776BDA266A362E0016708D /* CameraViewWrapper.swift in Sources */ = {isa = PBXBuildFile; fileRef = 17776BD9266A362E0016708D /* CameraViewWrapper.swift */; };
		17776BDC266A464E0016708D /* PoseEstimator.swift in Sources */ = {isa = PBXBuildFile; fileRef = 17776BDB266A464E0016708D /* PoseEstimator.swift */; };
		17D095602677823D00059627 /* Shapes.swift in Sources */ = {isa = PBXBuildFile; fileRef = 17D0955F2677823D00059627 /* Shapes.swift */; };
		17D09562267885C400059627 /* StickFigureView.swift in Sources */ = {isa = PBXBuildFile; fileRef = 17D09561267885C400059627 /* StickFigureView.swift */; };
		17D095642678C81300059627 /* CGPointExtension.swift in Sources */ = {isa = PBXBuildFile; fileRef = 17D095632678C81300059627 /* CGPointExtension.swift */; };
/* End PBXBuildFile section */

/* Begin PBXFileReference section */
		17776BC3266A35E60016708D /* SquatCounter.app */ = {isa = PBXFileReference; explicitFileType = wrapper.application; includeInIndex = 0; path = SquatCounter.app; sourceTree = BUILT_PRODUCTS_DIR; };
		17776BC6266A35E60016708D /* SquatCounterApp.swift */ = {isa = PBXFileReference; lastKnownFileType = sourcecode.swift; path = SquatCounterApp.swift; sourceTree = "<group>"; };
		17776BC8266A35E60016708D /* ContentView.swift */ = {isa = PBXFileReference; lastKnownFileType = sourcecode.swift; path = ContentView.swift; sourceTree = "<group>"; };
		17776BCA266A35E80016708D /* Assets.xcassets */ = {isa = PBXFileReference; lastKnownFileType = folder.assetcatalog; path = Assets.xcassets; sourceTree = "<group>"; };
		17776BCD266A35E80016708D /* Preview Assets.xcassets */ = {isa = PBXFileReference; lastKnownFileType = folder.assetcatalog; path = "Preview Assets.xcassets"; sourceTree = "<group>"; };
		17776BCF266A35E80016708D /* Info.plist */ = {isa = PBXFileReference; lastKnownFileType = text.plist.xml; path = Info.plist; sourceTree = "<group>"; };
		17776BD5266A360E0016708D /* CameraViewController.swift */ = {isa = PBXFileReference; fileEncoding = 4; lastKnownFileType = sourcecode.swift; path = CameraViewController.swift; sourceTree = "<group>"; };
		17776BD7266A361E0016708D /* CameraView.swift */ = {isa = PBXFileReference; fileEncoding = 4; lastKnownFileType = sourcecode.swift; path = CameraView.swift; sourceTree = "<group>"; };
		17776BD9266A362E0016708D /* CameraViewWrapper.swift */ = {isa = PBXFileReference; fileEncoding = 4; lastKnownFileType = sourcecode.swift; path = CameraViewWrapper.swift; sourceTree = "<group>"; };
		17776BDB266A464E0016708D /* PoseEstimator.swift */ = {isa = PBXFileReference; lastKnownFileType = sourcecode.swift; path = PoseEstimator.swift; sourceTree = "<group>"; };
		17D0955F2677823D00059627 /* Shapes.swift */ = {isa = PBXFileReference; lastKnownFileType = sourcecode.swift; path = Shapes.swift; sourceTree = "<group>"; };
		17D09561267885C400059627 /* StickFigureView.swift */ = {isa = PBXFileReference; lastKnownFileType = sourcecode.swift; path = StickFigureView.swift; sourceTree = "<group>"; };
		17D095632678C81300059627 /* CGPointExtension.swift */ = {isa = PBXFileReference; lastKnownFileType = sourcecode.swift; path = CGPointExtension.swift; sourceTree = "<group>"; };
/* End PBXFileReference section */

/* Begin PBXFrameworksBuildPhase section */
		17776BC0266A35E60016708D /* Frameworks */ = {
			isa = PBXFrameworksBuildPhase;
			buildActionMask = 2147483647;
			files = (
			);
			runOnlyForDeploymentPostprocessing = 0;
		};
/* End PBXFrameworksBuildPhase section */

/* Begin PBXGroup section */
		17776BBA266A35E60016708D = {
			isa = PBXGroup;
			children = (
				17776BC5266A35E60016708D /* SquatCounter */,
				17776BC4266A35E60016708D /* Products */,
			);
			sourceTree = "<group>";
		};
		17776BC4266A35E60016708D /* Products */ = {
			isa = PBXGroup;
			children = (
				17776BC3266A35E60016708D /* SquatCounter.app */,
			);
			name = Products;
			sourceTree = "<group>";
		};
		17776BC5266A35E60016708D /* SquatCounter */ = {
			isa = PBXGroup;
			children = (
				17776BC6266A35E60016708D /* SquatCounterApp.swift */,
				17776BDB266A464E0016708D /* PoseEstimator.swift */,
				17D095652679FA0F00059627 /* Views */,
				17D095672679FA4F00059627 /* UIKit */,
				17D0955E2677823000059627 /* Shapes */,
				17D095662679FA3400059627 /* Extensions */,
				17776BCA266A35E80016708D /* Assets.xcassets */,
				17776BCF266A35E80016708D /* Info.plist */,
				17776BCC266A35E80016708D /* Preview Content */,
			);
			path = SquatCounter;
			sourceTree = "<group>";
		};
		17776BCC266A35E80016708D /* Preview Content */ = {
			isa = PBXGroup;
			children = (
				17776BCD266A35E80016708D /* Preview Assets.xcassets */,
			);
			path = "Preview Content";
			sourceTree = "<group>";
		};
		17D0955E2677823000059627 /* Shapes */ = {
			isa = PBXGroup;
			children = (
				17D0955F2677823D00059627 /* Shapes.swift */,
			);
			path = Shapes;
			sourceTree = "<group>";
		};
		17D095652679FA0F00059627 /* Views */ = {
			isa = PBXGroup;
			children = (
				17776BC8266A35E60016708D /* ContentView.swift */,
				17D09561267885C400059627 /* StickFigureView.swift */,
			);
			path = Views;
			sourceTree = "<group>";
		};
		17D095662679FA3400059627 /* Extensions */ = {
			isa = PBXGroup;
			children = (
				17D095632678C81300059627 /* CGPointExtension.swift */,
			);
			path = Extensions;
			sourceTree = "<group>";
		};
		17D095672679FA4F00059627 /* UIKit */ = {
			isa = PBXGroup;
			children = (
				17776BD5266A360E0016708D /* CameraViewController.swift */,
				17776BD9266A362E0016708D /* CameraViewWrapper.swift */,
				17776BD7266A361E0016708D /* CameraView.swift */,
			);
			path = UIKit;
			sourceTree = "<group>";
		};
/* End PBXGroup section */

/* Begin PBXNativeTarget section */
		17776BC2266A35E60016708D /* SquatCounter */ = {
			isa = PBXNativeTarget;
			buildConfigurationList = 17776BD2266A35E80016708D /* Build configuration list for PBXNativeTarget "SquatCounter" */;
			buildPhases = (
				17776BBF266A35E60016708D /* Sources */,
				17776BC0266A35E60016708D /* Frameworks */,
				17776BC1266A35E60016708D /* Resources */,
			);
			buildRules = (
			);
			dependencies = (
			);
			name = SquatCounter;
			productName = SquatCounter;
			productReference = 17776BC3266A35E60016708D /* SquatCounter.app */;
			productType = "com.apple.product-type.application";
		};
/* End PBXNativeTarget section */

/* Begin PBXProject section */
		17776BBB266A35E60016708D /* Project object */ = {
			isa = PBXProject;
			attributes = {
				LastSwiftUpdateCheck = 1250;
				LastUpgradeCheck = 1250;
				TargetAttributes = {
					17776BC2266A35E60016708D = {
						CreatedOnToolsVersion = 12.5;
					};
				};
			};
			buildConfigurationList = 17776BBE266A35E60016708D /* Build configuration list for PBXProject "SquatCounter" */;
			compatibilityVersion = "Xcode 9.3";
			developmentRegion = en;
			hasScannedForEncodings = 0;
			knownRegions = (
				en,
				Base,
			);
			mainGroup = 17776BBA266A35E60016708D;
			productRefGroup = 17776BC4266A35E60016708D /* Products */;
			projectDirPath = "";
			projectRoot = "";
			targets = (
				17776BC2266A35E60016708D /* SquatCounter */,
			);
		};
/* End PBXProject section */

/* Begin PBXResourcesBuildPhase section */
		17776BC1266A35E60016708D /* Resources */ = {
			isa = PBXResourcesBuildPhase;
			buildActionMask = 2147483647;
			files = (
				17776BCE266A35E80016708D /* Preview Assets.xcassets in Resources */,
				17776BCB266A35E80016708D /* Assets.xcassets in Resources */,
			);
			runOnlyForDeploymentPostprocessing = 0;
		};
/* End PBXResourcesBuildPhase section */

/* Begin PBXSourcesBuildPhase section */
		17776BBF266A35E60016708D /* Sources */ = {
			isa = PBXSourcesBuildPhase;
			buildActionMask = 2147483647;
			files = (
				17D095602677823D00059627 /* Shapes.swift in Sources */,
				17776BC9266A35E60016708D /* ContentView.swift in Sources */,
				17776BD8266A361E0016708D /* CameraView.swift in Sources */,
				17776BDA266A362E0016708D /* CameraViewWrapper.swift in Sources */,
				17776BC7266A35E60016708D /* SquatCounterApp.swift in Sources */,
				17D09562267885C400059627 /* StickFigureView.swift in Sources */,
				17776BD6266A360E0016708D /* CameraViewController.swift in Sources */,
				17776BDC266A464E0016708D /* PoseEstimator.swift in Sources */,
				17D095642678C81300059627 /* CGPointExtension.swift in Sources */,
			);
			runOnlyForDeploymentPostprocessing = 0;
		};
/* End PBXSourcesBuildPhase section */

/* Begin XCBuildConfiguration section */
		17776BD0266A35E80016708D /* Debug */ = {
			isa = XCBuildConfiguration;
			buildSettings = {
				ALWAYS_SEARCH_USER_PATHS = NO;
				CLANG_ANALYZER_NONNULL = YES;
				CLANG_ANALYZER_NUMBER_OBJECT_CONVERSION = YES_AGGRESSIVE;
				CLANG_CXX_LANGUAGE_STANDARD = "gnu++14";
				CLANG_CXX_LIBRARY = "libc++";
				CLANG_ENABLE_MODULES = YES;
				CLANG_ENABLE_OBJC_ARC = YES;
				CLANG_ENABLE_OBJC_WEAK = YES;
				CLANG_WARN_BLOCK_CAPTURE_AUTORELEASING = YES;
				CLANG_WARN_BOOL_CONVERSION = YES;
				CLANG_WARN_COMMA = YES;
				CLANG_WARN_CONSTANT_CONVERSION = YES;
				CLANG_WARN_DEPRECATED_OBJC_IMPLEMENTATIONS = YES;
				CLANG_WARN_DIRECT_OBJC_ISA_USAGE = YES_ERROR;
				CLANG_WARN_DOCUMENTATION_COMMENTS = YES;
				CLANG_WARN_EMPTY_BODY = YES;
				CLANG_WARN_ENUM_CONVERSION = YES;
				CLANG_WARN_INFINITE_RECURSION = YES;
				CLANG_WARN_INT_CONVERSION = YES;
				CLANG_WARN_NON_LITERAL_NULL_CONVERSION = YES;
				CLANG_WARN_OBJC_IMPLICIT_RETAIN_SELF = YES;
				CLANG_WARN_OBJC_LITERAL_CONVERSION = YES;
				CLANG_WARN_OBJC_ROOT_CLASS = YES_ERROR;
				CLANG_WARN_QUOTED_INCLUDE_IN_FRAMEWORK_HEADER = YES;
				CLANG_WARN_RANGE_LOOP_ANALYSIS = YES;
				CLANG_WARN_STRICT_PROTOTYPES = YES;
				CLANG_WARN_SUSPICIOUS_MOVE = YES;
				CLANG_WARN_UNGUARDED_AVAILABILITY = YES_AGGRESSIVE;
				CLANG_WARN_UNREACHABLE_CODE = YES;
				CLANG_WARN__DUPLICATE_METHOD_MATCH = YES;
				COPY_PHASE_STRIP = NO;
				DEBUG_INFORMATION_FORMAT = dwarf;
				ENABLE_STRICT_OBJC_MSGSEND = YES;
				ENABLE_TESTABILITY = YES;
				GCC_C_LANGUAGE_STANDARD = gnu11;
				GCC_DYNAMIC_NO_PIC = NO;
				GCC_NO_COMMON_BLOCKS = YES;
				GCC_OPTIMIZATION_LEVEL = 0;
				GCC_PREPROCESSOR_DEFINITIONS = (
					"DEBUG=1",
					"$(inherited)",
				);
				GCC_WARN_64_TO_32_BIT_CONVERSION = YES;
				GCC_WARN_ABOUT_RETURN_TYPE = YES_ERROR;
				GCC_WARN_UNDECLARED_SELECTOR = YES;
				GCC_WARN_UNINITIALIZED_AUTOS = YES_AGGRESSIVE;
				GCC_WARN_UNUSED_FUNCTION = YES;
				GCC_WARN_UNUSED_VARIABLE = YES;
				IPHONEOS_DEPLOYMENT_TARGET = 14.5;
				MTL_ENABLE_DEBUG_INFO = INCLUDE_SOURCE;
				MTL_FAST_MATH = YES;
				ONLY_ACTIVE_ARCH = YES;
				SDKROOT = iphoneos;
				SWIFT_ACTIVE_COMPILATION_CONDITIONS = DEBUG;
				SWIFT_OPTIMIZATION_LEVEL = "-Onone";
			};
			name = Debug;
		};
		17776BD1266A35E80016708D /* Release */ = {
			isa = XCBuildConfiguration;
			buildSettings = {
				ALWAYS_SEARCH_USER_PATHS = NO;
				CLANG_ANALYZER_NONNULL = YES;
				CLANG_ANALYZER_NUMBER_OBJECT_CONVERSION = YES_AGGRESSIVE;
				CLANG_CXX_LANGUAGE_STANDARD = "gnu++14";
				CLANG_CXX_LIBRARY = "libc++";
				CLANG_ENABLE_MODULES = YES;
				CLANG_ENABLE_OBJC_ARC = YES;
				CLANG_ENABLE_OBJC_WEAK = YES;
				CLANG_WARN_BLOCK_CAPTURE_AUTORELEASING = YES;
				CLANG_WARN_BOOL_CONVERSION = YES;
				CLANG_WARN_COMMA = YES;
				CLANG_WARN_CONSTANT_CONVERSION = YES;
				CLANG_WARN_DEPRECATED_OBJC_IMPLEMENTATIONS = YES;
				CLANG_WARN_DIRECT_OBJC_ISA_USAGE = YES_ERROR;
				CLANG_WARN_DOCUMENTATION_COMMENTS = YES;
				CLANG_WARN_EMPTY_BODY = YES;
				CLANG_WARN_ENUM_CONVERSION = YES;
				CLANG_WARN_INFINITE_RECURSION = YES;
				CLANG_WARN_INT_CONVERSION = YES;
				CLANG_WARN_NON_LITERAL_NULL_CONVERSION = YES;
				CLANG_WARN_OBJC_IMPLICIT_RETAIN_SELF = YES;
				CLANG_WARN_OBJC_LITERAL_CONVERSION = YES;
				CLANG_WARN_OBJC_ROOT_CLASS = YES_ERROR;
				CLANG_WARN_QUOTED_INCLUDE_IN_FRAMEWORK_HEADER = YES;
				CLANG_WARN_RANGE_LOOP_ANALYSIS = YES;
				CLANG_WARN_STRICT_PROTOTYPES = YES;
				CLANG_WARN_SUSPICIOUS_MOVE = YES;
				CLANG_WARN_UNGUARDED_AVAILABILITY = YES_AGGRESSIVE;
				CLANG_WARN_UNREACHABLE_CODE = YES;
				CLANG_WARN__DUPLICATE_METHOD_MATCH = YES;
				COPY_PHASE_STRIP = NO;
				DEBUG_INFORMATION_FORMAT = "dwarf-with-dsym";
				ENABLE_NS_ASSERTIONS = NO;
				ENABLE_STRICT_OBJC_MSGSEND = YES;
				GCC_C_LANGUAGE_STANDARD = gnu11;
				GCC_NO_COMMON_BLOCKS = YES;
				GCC_WARN_64_TO_32_BIT_CONVERSION = YES;
				GCC_WARN_ABOUT_RETURN_TYPE = YES_ERROR;
				GCC_WARN_UNDECLARED_SELECTOR = YES;
				GCC_WARN_UNINITIALIZED_AUTOS = YES_AGGRESSIVE;
				GCC_WARN_UNUSED_FUNCTION = YES;
				GCC_WARN_UNUSED_VARIABLE = YES;
				IPHONEOS_DEPLOYMENT_TARGET = 14.5;
				MTL_ENABLE_DEBUG_INFO = NO;
				MTL_FAST_MATH = YES;
				SDKROOT = iphoneos;
				SWIFT_COMPILATION_MODE = wholemodule;
				SWIFT_OPTIMIZATION_LEVEL = "-O";
				VALIDATE_PRODUCT = YES;
			};
			name = Release;
		};
		17776BD3266A35E80016708D /* Debug */ = {
			isa = XCBuildConfiguration;
			buildSettings = {
				ASSETCATALOG_COMPILER_APPICON_NAME = AppIcon;
				ASSETCATALOG_COMPILER_GLOBAL_ACCENT_COLOR_NAME = AccentColor;
				CODE_SIGN_STYLE = Automatic;
				DEVELOPMENT_ASSET_PATHS = "\"SquatCounter/Preview Content\"";
				DEVELOPMENT_TEAM = Z5WFVVMF7X;
				ENABLE_PREVIEWS = YES;
				INFOPLIST_FILE = SquatCounter/Info.plist;
				IPHONEOS_DEPLOYMENT_TARGET = 14.0;
				LD_RUNPATH_SEARCH_PATHS = (
					"$(inherited)",
					"@executable_path/Frameworks",
				);
				PRODUCT_BUNDLE_IDENTIFIER = "Philipp-Gehrke.SquatCounter";
				PRODUCT_NAME = "$(TARGET_NAME)";
				SWIFT_VERSION = 5.0;
				TARGETED_DEVICE_FAMILY = "1,2";
			};
			name = Debug;
		};
		17776BD4266A35E80016708D /* Release */ = {
			isa = XCBuildConfiguration;
			buildSettings = {
				ASSETCATALOG_COMPILER_APPICON_NAME = AppIcon;
				ASSETCATALOG_COMPILER_GLOBAL_ACCENT_COLOR_NAME = AccentColor;
				CODE_SIGN_STYLE = Automatic;
				DEVELOPMENT_ASSET_PATHS = "\"SquatCounter/Preview Content\"";
				DEVELOPMENT_TEAM = Z5WFVVMF7X;
				ENABLE_PREVIEWS = YES;
				INFOPLIST_FILE = SquatCounter/Info.plist;
				IPHONEOS_DEPLOYMENT_TARGET = 14.0;
				LD_RUNPATH_SEARCH_PATHS = (
					"$(inherited)",
					"@executable_path/Frameworks",
				);
				PRODUCT_BUNDLE_IDENTIFIER = "Philipp-Gehrke.SquatCounter";
				PRODUCT_NAME = "$(TARGET_NAME)";
				SWIFT_VERSION = 5.0;
				TARGETED_DEVICE_FAMILY = "1,2";
			};
			name = Release;
		};
/* End XCBuildConfiguration section */

/* Begin XCConfigurationList section */
		17776BBE266A35E60016708D /* Build configuration list for PBXProject "SquatCounter" */ = {
			isa = XCConfigurationList;
			buildConfigurations = (
				17776BD0266A35E80016708D /* Debug */,
				17776BD1266A35E80016708D /* Release */,
			);
			defaultConfigurationIsVisible = 0;
			defaultConfigurationName = Release;
		};
		17776BD2266A35E80016708D /* Build configuration list for PBXNativeTarget "SquatCounter" */ = {
			isa = XCConfigurationList;
			buildConfigurations = (
				17776BD3266A35E80016708D /* Debug */,
				17776BD4266A35E80016708D /* Release */,
			);
			defaultConfigurationIsVisible = 0;
			defaultConfigurationName = Release;
		};
/* End XCConfigurationList section */
	};
	rootObject = 17776BBB266A35E60016708D /* Project object */;
}
